
Microsoft Visual Studio Solution File, Format Version 12.00
# Visual Studio Version 17
VisualStudioVersion = 17.6.33815.320
MinimumVisualStudioVersion = 10.0.40219.1
Project("{8BC9CEB8-8B4A-11D0-8D11-00A0C91BC942}") = "ServerLinux", "ServerLinux\ServerLinux.vcxproj", "{D0A09481-F3AF-433A-89EA-CB657701F20D}"
EndProject
Global
	GlobalSection(SolutionConfigurationPlatforms) = preSolution
		Debug|ARM = Debug|ARM
		Debug|ARM64 = Debug|ARM64
		Debug|x64 = Debug|x64
		Debug|x86 = Debug|x86
		Release|ARM = Release|ARM
		Release|ARM64 = Release|ARM64
		Release|x64 = Release|x64
		Release|x86 = Release|x86
	EndGlobalSection
	GlobalSection(ProjectConfigurationPlatforms) = postSolution
		{D0A09481-F3AF-433A-89EA-CB657701F20D}.Debug|ARM.ActiveCfg = Debug|ARM
		{D0A09481-F3AF-433A-89EA-CB657701F20D}.Debug|ARM.Build.0 = Debug|ARM
		{D0A09481-F3AF-433A-89EA-CB657701F20D}.Debug|ARM.Deploy.0 = Debug|ARM
		{D0A09481-F3AF-433A-89EA-CB657701F20D}.Debug|ARM64.ActiveCfg = Debug|ARM64
		{D0A09481-F3AF-433A-89EA-CB657701F20D}.Debug|ARM64.Build.0 = Debug|ARM64
		{D0A09481-F3AF-433A-89EA-CB657701F20D}.Debug|ARM64.Deploy.0 = Debug|ARM64
		{D0A09481-F3AF-433A-89EA-CB657701F20D}.Debug|x64.ActiveCfg = Debug|x64
		{D0A09481-F3AF-433A-89EA-CB657701F20D}.Debug|x64.Build.0 = Debug|x64
		{D0A09481-F3AF-433A-89EA-CB657701F20D}.Debug|x64.Deploy.0 = Debug|x64
		{D0A09481-F3AF-433A-89EA-CB657701F20D}.Debug|x86.ActiveCfg = Debug|x86
		{D0A09481-F3AF-433A-89EA-CB657701F20D}.Debug|x86.Build.0 = Debug|x86
		{D0A09481-F3AF-433A-89EA-CB657701F20D}.Debug|x86.Deploy.0 = Debug|x86
		{D0A09481-F3AF-433A-89EA-CB657701F20D}.Release|ARM.ActiveCfg = Release|ARM
		{D0A09481-F3AF-433A-89EA-CB657701F20D}.Release|ARM.Build.0 = Release|ARM
		{D0A09481-F3AF-433A-89EA-CB657701F20D}.Release|ARM.Deploy.0 = Release|ARM
		{D0A09481-F3AF-433A-89EA-CB657701F20D}.Release|ARM64.ActiveCfg = Release|ARM64
		{D0A09481-F3AF-433A-89EA-CB657701F20D}.Release|ARM64.Build.0 = Release|ARM64
		{D0A09481-F3AF-433A-89EA-CB657701F20D}.Release|ARM64.Deploy.0 = Release|ARM64
		{D0A09481-F3AF-433A-89EA-CB657701F20D}.Release|x64.ActiveCfg = Release|x64
		{D0A09481-F3AF-433A-89EA-CB657701F20D}.Release|x64.Build.0 = Release|x64
		{D0A09481-F3AF-433A-89EA-CB657701F20D}.Release|x64.Deploy.0 = Release|x64
		{D0A09481-F3AF-433A-89EA-CB657701F20D}.Release|x86.ActiveCfg = Release|x86
		{D0A09481-F3AF-433A-89EA-CB657701F20D}.Release|x86.Build.0 = Release|x86
		{D0A09481-F3AF-433A-89EA-CB657701F20D}.Release|x86.Deploy.0 = Release|x86
	EndGlobalSection
	GlobalSection(SolutionProperties) = preSolution
		HideSolutionNode = FALSE
	EndGlobalSection
	GlobalSection(ExtensibilityGlobals) = postSolution
		SolutionGuid = {04A1AE50-E11E-4FFF-A29C-4EFEB45D0879}
	EndGlobalSection
EndGlobal
